{
  "name": "localmarketplace",
  "lockfileVersion": 2,
  "requires": true,
  "packages": {},
  "dependencies": {
    "gun": {
      "version": "0.2020.1237"
    },
    "@sveltejs/adapter-static": {
      "version": "^1.0.0"
    },
    "@sveltejs/kit": {
      "version": "latest"
    },
    "svelte": {
      "version": "^3.59.1"
    },
    "vite": {
      "version": "^4.0.0",
      "dev": true
    }
  }
}